
Microsoft Visual Studio Solution File, Format Version 12.00
# Visual Studio Version 16
VisualStudioVersion = 16.0.31729.503
MinimumVisualStudioVersion = 10.0.40219.1
Project("{FAE04EC0-301F-11D3-BF4B-00C04F79EFBC}") = "BHelp", "BHelp\BHelp.csproj", "{D3F6F6C4-F68A-4927-81B0-BF8EB8ED9D6D}"
EndProject
Project("{2150E333-8FDC-42A3-9474-1A3956D46DE8}") = "Solution items", "Solution items", "{FB316E9B-D5F4-4759-AD9B-B6729A959088}"
	ProjectSection(SolutionItems) = preProject
		Delete binaries.ps1 = Delete binaries.ps1
	EndProjectSection
EndProject
Global
	GlobalSection(SolutionConfigurationPlatforms) = preSolution
		Debug|Any CPU = Debug|Any CPU
		Release|Any CPU = Release|Any CPU
	EndGlobalSection
	GlobalSection(ProjectConfigurationPlatforms) = postSolution
		{D3F6F6C4-F68A-4927-81B0-BF8EB8ED9D6D}.Debug|Any CPU.ActiveCfg = Debug|Any CPU
		{D3F6F6C4-F68A-4927-81B0-BF8EB8ED9D6D}.Debug|Any CPU.Build.0 = Debug|Any CPU
		{D3F6F6C4-F68A-4927-81B0-BF8EB8ED9D6D}.Release|Any CPU.ActiveCfg = Release|Any CPU
		{D3F6F6C4-F68A-4927-81B0-BF8EB8ED9D6D}.Release|Any CPU.Build.0 = Release|Any CPU
	EndGlobalSection
	GlobalSection(SolutionProperties) = preSolution
		HideSolutionNode = FALSE
	EndGlobalSection
	GlobalSection(ExtensibilityGlobals) = postSolution
		SolutionGuid = {451D9737-E26D-4D2E-9A6A-5A39D1AF31CE}
	EndGlobalSection
EndGlobal
